
Microsoft Visual Studio Solution File, Format Version 12.00
# Visual Studio Version 17
VisualStudioVersion = 17.14.36717.8 d17.14
MinimumVisualStudioVersion = 10.0.40219.1
Project("{FAE04EC0-301F-11D3-BF4B-00C04F79EFBC}") = "AuthenAPI", "AuthenAPI\AuthenAPI.csproj", "{983F9CBB-2746-4391-815A-DB27B3831DB5}"
EndProject
Global
	GlobalSection(SolutionConfigurationPlatforms) = preSolution
		Debug|Any CPU = Debug|Any CPU
		Release|Any CPU = Release|Any CPU
	EndGlobalSection
	GlobalSection(ProjectConfigurationPlatforms) = postSolution
		{983F9CBB-2746-4391-815A-DB27B3831DB5}.Debug|Any CPU.ActiveCfg = Debug|Any CPU
		{983F9CBB-2746-4391-815A-DB27B3831DB5}.Debug|Any CPU.Build.0 = Debug|Any CPU
		{983F9CBB-2746-4391-815A-DB27B3831DB5}.Release|Any CPU.ActiveCfg = Release|Any CPU
		{983F9CBB-2746-4391-815A-DB27B3831DB5}.Release|Any CPU.Build.0 = Release|Any CPU
	EndGlobalSection
	GlobalSection(SolutionProperties) = preSolution
		HideSolutionNode = FALSE
	EndGlobalSection
	GlobalSection(ExtensibilityGlobals) = postSolution
		SolutionGuid = {66ABC204-C629-43DB-8C86-8E5360C1EA97}
	EndGlobalSection
EndGlobal
